
Microsoft Visual Studio Solution File, Format Version 12.00
# Visual Studio Version 17
VisualStudioVersion = 17.6.33815.320
MinimumVisualStudioVersion = 10.0.40219.1
Project("{9A19103F-16F7-4668-BE54-9A1E7A4F7556}") = "aa", "aa\aa.csproj", "{B70D0FB5-F755-4CE0-A1AD-FA8E902111ED}"
EndProject
Project("{2150E333-8FDC-42A3-9474-1A3956D46DE8}") = "Solution Items", "Solution Items", "{8C9B30E3-A5CE-4DCA-A0EC-A0DAFE3BE6E8}"
	ProjectSection(SolutionItems) = preProject
		.editorconfig = .editorconfig
	EndProjectSection
EndProject
Project("{9A19103F-16F7-4668-BE54-9A1E7A4F7556}") = "webapp", "webapp\webapp.csproj", "{6D47D51B-96A7-4A39-8BDA-7366CC174207}"
EndProject
Project("{FAE04EC0-301F-11D3-BF4B-00C04F79EFBC}") = "identityserver", "identityserver\identityserver.csproj", "{A56F528C-70D4-48C1-9CCC-5895AE249EB2}"
EndProject
Project("{FAE04EC0-301F-11D3-BF4B-00C04F79EFBC}") = "appc", "appc\appc.csproj", "{B8411CE4-5774-4E4B-AAAC-E91152286A0E}"
EndProject
Global
	GlobalSection(SolutionConfigurationPlatforms) = preSolution
		Debug|Any CPU = Debug|Any CPU
		Release|Any CPU = Release|Any CPU
	EndGlobalSection
	GlobalSection(ProjectConfigurationPlatforms) = postSolution
		{B70D0FB5-F755-4CE0-A1AD-FA8E902111ED}.Debug|Any CPU.ActiveCfg = Debug|Any CPU
		{B70D0FB5-F755-4CE0-A1AD-FA8E902111ED}.Debug|Any CPU.Build.0 = Debug|Any CPU
		{B70D0FB5-F755-4CE0-A1AD-FA8E902111ED}.Release|Any CPU.ActiveCfg = Release|Any CPU
		{B70D0FB5-F755-4CE0-A1AD-FA8E902111ED}.Release|Any CPU.Build.0 = Release|Any CPU
		{6D47D51B-96A7-4A39-8BDA-7366CC174207}.Debug|Any CPU.ActiveCfg = Debug|Any CPU
		{6D47D51B-96A7-4A39-8BDA-7366CC174207}.Debug|Any CPU.Build.0 = Debug|Any CPU
		{6D47D51B-96A7-4A39-8BDA-7366CC174207}.Release|Any CPU.ActiveCfg = Release|Any CPU
		{6D47D51B-96A7-4A39-8BDA-7366CC174207}.Release|Any CPU.Build.0 = Release|Any CPU
		{A56F528C-70D4-48C1-9CCC-5895AE249EB2}.Debug|Any CPU.ActiveCfg = Debug|Any CPU
		{A56F528C-70D4-48C1-9CCC-5895AE249EB2}.Debug|Any CPU.Build.0 = Debug|Any CPU
		{A56F528C-70D4-48C1-9CCC-5895AE249EB2}.Release|Any CPU.ActiveCfg = Release|Any CPU
		{A56F528C-70D4-48C1-9CCC-5895AE249EB2}.Release|Any CPU.Build.0 = Release|Any CPU
		{B8411CE4-5774-4E4B-AAAC-E91152286A0E}.Debug|Any CPU.ActiveCfg = Debug|Any CPU
		{B8411CE4-5774-4E4B-AAAC-E91152286A0E}.Debug|Any CPU.Build.0 = Debug|Any CPU
		{B8411CE4-5774-4E4B-AAAC-E91152286A0E}.Release|Any CPU.ActiveCfg = Release|Any CPU
		{B8411CE4-5774-4E4B-AAAC-E91152286A0E}.Release|Any CPU.Build.0 = Release|Any CPU
	EndGlobalSection
	GlobalSection(SolutionProperties) = preSolution
		HideSolutionNode = FALSE
	EndGlobalSection
	GlobalSection(ExtensibilityGlobals) = postSolution
		SolutionGuid = {57FC7D5D-4B58-44BA-B894-412B920F65FF}
	EndGlobalSection
EndGlobal
